
Microsoft Visual Studio Solution File, Format Version 12.00
# Visual Studio Version 17
VisualStudioVersion = 17.2.32602.215
MinimumVisualStudioVersion = 10.0.40219.1
Project("{FAE04EC0-301F-11D3-BF4B-00C04F79EFBC}") = "Exercicio3Q3", "Exercicio3Q3\Exercicio3Q3.csproj", "{ED99DA48-D160-4DA6-B6F2-556751D3FE06}"
EndProject
Global
	GlobalSection(SolutionConfigurationPlatforms) = preSolution
		Debug|Any CPU = Debug|Any CPU
		Release|Any CPU = Release|Any CPU
	EndGlobalSection
	GlobalSection(ProjectConfigurationPlatforms) = postSolution
		{ED99DA48-D160-4DA6-B6F2-556751D3FE06}.Debug|Any CPU.ActiveCfg = Debug|Any CPU
		{ED99DA48-D160-4DA6-B6F2-556751D3FE06}.Debug|Any CPU.Build.0 = Debug|Any CPU
		{ED99DA48-D160-4DA6-B6F2-556751D3FE06}.Release|Any CPU.ActiveCfg = Release|Any CPU
		{ED99DA48-D160-4DA6-B6F2-556751D3FE06}.Release|Any CPU.Build.0 = Release|Any CPU
	EndGlobalSection
	GlobalSection(SolutionProperties) = preSolution
		HideSolutionNode = FALSE
	EndGlobalSection
	GlobalSection(ExtensibilityGlobals) = postSolution
		SolutionGuid = {29064786-B3E5-4398-8E5E-249BAE66CEE1}
	EndGlobalSection
EndGlobal
