
Microsoft Visual Studio Solution File, Format Version 12.00
# Visual Studio Version 17
VisualStudioVersion = 17.2.32602.215
MinimumVisualStudioVersion = 10.0.40219.1
Project("{FAE04EC0-301F-11D3-BF4B-00C04F79EFBC}") = "Exercicio3Q2", "Exercicio3Q2\Exercicio3Q2.csproj", "{3E726F6D-CDE7-47DD-A702-53BDC4F9638C}"
EndProject
Global
	GlobalSection(SolutionConfigurationPlatforms) = preSolution
		Debug|Any CPU = Debug|Any CPU
		Release|Any CPU = Release|Any CPU
	EndGlobalSection
	GlobalSection(ProjectConfigurationPlatforms) = postSolution
		{3E726F6D-CDE7-47DD-A702-53BDC4F9638C}.Debug|Any CPU.ActiveCfg = Debug|Any CPU
		{3E726F6D-CDE7-47DD-A702-53BDC4F9638C}.Debug|Any CPU.Build.0 = Debug|Any CPU
		{3E726F6D-CDE7-47DD-A702-53BDC4F9638C}.Release|Any CPU.ActiveCfg = Release|Any CPU
		{3E726F6D-CDE7-47DD-A702-53BDC4F9638C}.Release|Any CPU.Build.0 = Release|Any CPU
	EndGlobalSection
	GlobalSection(SolutionProperties) = preSolution
		HideSolutionNode = FALSE
	EndGlobalSection
	GlobalSection(ExtensibilityGlobals) = postSolution
		SolutionGuid = {BBC05C11-AA19-4AF6-8A70-F1752A103DCD}
	EndGlobalSection
EndGlobal
