
Microsoft Visual Studio Solution File, Format Version 12.00
# Visual Studio Version 17
VisualStudioVersion = 17.2.32602.215
MinimumVisualStudioVersion = 10.0.40219.1
Project("{FAE04EC0-301F-11D3-BF4B-00C04F79EFBC}") = "Exercicio1Q1", "Exercicio1Q1\Exercicio1Q1.csproj", "{C7CAACED-5569-4322-8B47-924A64A64115}"
EndProject
Global
	GlobalSection(SolutionConfigurationPlatforms) = preSolution
		Debug|Any CPU = Debug|Any CPU
		Release|Any CPU = Release|Any CPU
	EndGlobalSection
	GlobalSection(ProjectConfigurationPlatforms) = postSolution
		{C7CAACED-5569-4322-8B47-924A64A64115}.Debug|Any CPU.ActiveCfg = Debug|Any CPU
		{C7CAACED-5569-4322-8B47-924A64A64115}.Debug|Any CPU.Build.0 = Debug|Any CPU
		{C7CAACED-5569-4322-8B47-924A64A64115}.Release|Any CPU.ActiveCfg = Release|Any CPU
		{C7CAACED-5569-4322-8B47-924A64A64115}.Release|Any CPU.Build.0 = Release|Any CPU
	EndGlobalSection
	GlobalSection(SolutionProperties) = preSolution
		HideSolutionNode = FALSE
	EndGlobalSection
	GlobalSection(ExtensibilityGlobals) = postSolution
		SolutionGuid = {1A256C78-5038-4567-B5E2-148C7D450086}
	EndGlobalSection
EndGlobal
