
Microsoft Visual Studio Solution File, Format Version 12.00
# Visual Studio Version 17
VisualStudioVersion = 17.2.32602.215
MinimumVisualStudioVersion = 10.0.40219.1
Project("{FAE04EC0-301F-11D3-BF4B-00C04F79EFBC}") = "Exercicio02", "Exercicio02\Exercicio02.csproj", "{03A76E4B-FF0D-488E-A529-124B6AC28D6E}"
EndProject
Global
	GlobalSection(SolutionConfigurationPlatforms) = preSolution
		Debug|Any CPU = Debug|Any CPU
		Release|Any CPU = Release|Any CPU
	EndGlobalSection
	GlobalSection(ProjectConfigurationPlatforms) = postSolution
		{03A76E4B-FF0D-488E-A529-124B6AC28D6E}.Debug|Any CPU.ActiveCfg = Debug|Any CPU
		{03A76E4B-FF0D-488E-A529-124B6AC28D6E}.Debug|Any CPU.Build.0 = Debug|Any CPU
		{03A76E4B-FF0D-488E-A529-124B6AC28D6E}.Release|Any CPU.ActiveCfg = Release|Any CPU
		{03A76E4B-FF0D-488E-A529-124B6AC28D6E}.Release|Any CPU.Build.0 = Release|Any CPU
	EndGlobalSection
	GlobalSection(SolutionProperties) = preSolution
		HideSolutionNode = FALSE
	EndGlobalSection
	GlobalSection(ExtensibilityGlobals) = postSolution
		SolutionGuid = {86CEBF22-A067-43AE-BB0D-BD08DA6E08D3}
	EndGlobalSection
EndGlobal
