
Microsoft Visual Studio Solution File, Format Version 12.00
# Visual Studio Version 17
VisualStudioVersion = 17.2.32602.215
MinimumVisualStudioVersion = 10.0.40219.1
Project("{FAE04EC0-301F-11D3-BF4B-00C04F79EFBC}") = "ConversãoImplicitaCasting", "ConversãoImplicitaCasting\ConversãoImplicitaCasting.csproj", "{12A79209-1537-4AC6-8021-BF16FF252BD2}"
EndProject
Global
	GlobalSection(SolutionConfigurationPlatforms) = preSolution
		Debug|Any CPU = Debug|Any CPU
		Release|Any CPU = Release|Any CPU
	EndGlobalSection
	GlobalSection(ProjectConfigurationPlatforms) = postSolution
		{12A79209-1537-4AC6-8021-BF16FF252BD2}.Debug|Any CPU.ActiveCfg = Debug|Any CPU
		{12A79209-1537-4AC6-8021-BF16FF252BD2}.Debug|Any CPU.Build.0 = Debug|Any CPU
		{12A79209-1537-4AC6-8021-BF16FF252BD2}.Release|Any CPU.ActiveCfg = Release|Any CPU
		{12A79209-1537-4AC6-8021-BF16FF252BD2}.Release|Any CPU.Build.0 = Release|Any CPU
	EndGlobalSection
	GlobalSection(SolutionProperties) = preSolution
		HideSolutionNode = FALSE
	EndGlobalSection
	GlobalSection(ExtensibilityGlobals) = postSolution
		SolutionGuid = {77611E60-C981-43CC-86FD-01D170B4E829}
	EndGlobalSection
EndGlobal
