
Microsoft Visual Studio Solution File, Format Version 12.00
# Visual Studio Version 17
VisualStudioVersion = 17.2.32602.215
MinimumVisualStudioVersion = 10.0.40219.1
Project("{FAE04EC0-301F-11D3-BF4B-00C04F79EFBC}") = "EntradaDadosPart2", "EntradaDadosPart2\EntradaDadosPart2.csproj", "{CD5CD1E3-0513-4E03-BA46-E97F085BDB81}"
EndProject
Global
	GlobalSection(SolutionConfigurationPlatforms) = preSolution
		Debug|Any CPU = Debug|Any CPU
		Release|Any CPU = Release|Any CPU
	EndGlobalSection
	GlobalSection(ProjectConfigurationPlatforms) = postSolution
		{CD5CD1E3-0513-4E03-BA46-E97F085BDB81}.Debug|Any CPU.ActiveCfg = Debug|Any CPU
		{CD5CD1E3-0513-4E03-BA46-E97F085BDB81}.Debug|Any CPU.Build.0 = Debug|Any CPU
		{CD5CD1E3-0513-4E03-BA46-E97F085BDB81}.Release|Any CPU.ActiveCfg = Release|Any CPU
		{CD5CD1E3-0513-4E03-BA46-E97F085BDB81}.Release|Any CPU.Build.0 = Release|Any CPU
	EndGlobalSection
	GlobalSection(SolutionProperties) = preSolution
		HideSolutionNode = FALSE
	EndGlobalSection
	GlobalSection(ExtensibilityGlobals) = postSolution
		SolutionGuid = {EF6CA1CA-EE6C-4C63-A4B5-ABE559ADD228}
	EndGlobalSection
EndGlobal
