
Microsoft Visual Studio Solution File, Format Version 12.00
# Visual Studio Version 17
VisualStudioVersion = 17.2.32602.215
MinimumVisualStudioVersion = 10.0.40219.1
Project("{FAE04EC0-301F-11D3-BF4B-00C04F79EFBC}") = "EstruturaCondicional(if-else)", "EstruturaCondicional(if-else)\EstruturaCondicional(if-else).csproj", "{FEB97707-2508-402F-BC6E-2F48AFE64651}"
EndProject
Global
	GlobalSection(SolutionConfigurationPlatforms) = preSolution
		Debug|Any CPU = Debug|Any CPU
		Release|Any CPU = Release|Any CPU
	EndGlobalSection
	GlobalSection(ProjectConfigurationPlatforms) = postSolution
		{FEB97707-2508-402F-BC6E-2F48AFE64651}.Debug|Any CPU.ActiveCfg = Debug|Any CPU
		{FEB97707-2508-402F-BC6E-2F48AFE64651}.Debug|Any CPU.Build.0 = Debug|Any CPU
		{FEB97707-2508-402F-BC6E-2F48AFE64651}.Release|Any CPU.ActiveCfg = Release|Any CPU
		{FEB97707-2508-402F-BC6E-2F48AFE64651}.Release|Any CPU.Build.0 = Release|Any CPU
	EndGlobalSection
	GlobalSection(SolutionProperties) = preSolution
		HideSolutionNode = FALSE
	EndGlobalSection
	GlobalSection(ExtensibilityGlobals) = postSolution
		SolutionGuid = {82D5034D-7341-4017-A24E-378A4970C8A4}
	EndGlobalSection
EndGlobal
