
Microsoft Visual Studio Solution File, Format Version 12.00
# Visual Studio Version 17
VisualStudioVersion = 17.2.32602.215
MinimumVisualStudioVersion = 10.0.40219.1
Project("{FAE04EC0-301F-11D3-BF4B-00C04F79EFBC}") = "OperadoresAritmeticos", "OperadoresAritmeticos\OperadoresAritmeticos.csproj", "{93703D3F-3881-4C4F-A0D4-1ED89163964B}"
EndProject
Global
	GlobalSection(SolutionConfigurationPlatforms) = preSolution
		Debug|Any CPU = Debug|Any CPU
		Release|Any CPU = Release|Any CPU
	EndGlobalSection
	GlobalSection(ProjectConfigurationPlatforms) = postSolution
		{93703D3F-3881-4C4F-A0D4-1ED89163964B}.Debug|Any CPU.ActiveCfg = Debug|Any CPU
		{93703D3F-3881-4C4F-A0D4-1ED89163964B}.Debug|Any CPU.Build.0 = Debug|Any CPU
		{93703D3F-3881-4C4F-A0D4-1ED89163964B}.Release|Any CPU.ActiveCfg = Release|Any CPU
		{93703D3F-3881-4C4F-A0D4-1ED89163964B}.Release|Any CPU.Build.0 = Release|Any CPU
	EndGlobalSection
	GlobalSection(SolutionProperties) = preSolution
		HideSolutionNode = FALSE
	EndGlobalSection
	GlobalSection(ExtensibilityGlobals) = postSolution
		SolutionGuid = {287B9CB5-E5AC-4F18-A528-B6ADEAC7711B}
	EndGlobalSection
EndGlobal
