
Microsoft Visual Studio Solution File, Format Version 12.00
# Visual Studio Version 17
VisualStudioVersion = 17.2.32602.215
MinimumVisualStudioVersion = 10.0.40219.1
Project("{FAE04EC0-301F-11D3-BF4B-00C04F79EFBC}") = "SaidaDeDados", "SaidaDeDados\SaidaDeDados.csproj", "{2474C6EF-9B20-4D86-BDFB-9F63F6951B52}"
EndProject
Global
	GlobalSection(SolutionConfigurationPlatforms) = preSolution
		Debug|Any CPU = Debug|Any CPU
		Release|Any CPU = Release|Any CPU
	EndGlobalSection
	GlobalSection(ProjectConfigurationPlatforms) = postSolution
		{2474C6EF-9B20-4D86-BDFB-9F63F6951B52}.Debug|Any CPU.ActiveCfg = Debug|Any CPU
		{2474C6EF-9B20-4D86-BDFB-9F63F6951B52}.Debug|Any CPU.Build.0 = Debug|Any CPU
		{2474C6EF-9B20-4D86-BDFB-9F63F6951B52}.Release|Any CPU.ActiveCfg = Release|Any CPU
		{2474C6EF-9B20-4D86-BDFB-9F63F6951B52}.Release|Any CPU.Build.0 = Release|Any CPU
	EndGlobalSection
	GlobalSection(SolutionProperties) = preSolution
		HideSolutionNode = FALSE
	EndGlobalSection
	GlobalSection(ExtensibilityGlobals) = postSolution
		SolutionGuid = {18A6FD13-4FF8-4379-9172-C54288385AC4}
	EndGlobalSection
EndGlobal
